
Microsoft Visual Studio Solution File, Format Version 12.00
Project("{2150E333-8FDC-42A3-9474-1A3956D46DE8}") = "Src", "Src", "{A6198422-C7AD-4CE5-8367-CBC823981AB2}"
EndProject
Project("{2150E333-8FDC-42A3-9474-1A3956D46DE8}") = "Finansy.Domain", "Finansy.Domain", "{AF2C1B96-CAC7-42AF-AE38-EF51D0D4DA7F}"
EndProject
Project("{2150E333-8FDC-42A3-9474-1A3956D46DE8}") = "Finansy.Infra", "Finansy.Infra", "{19A6C4B2-D0BD-41B9-9EBD-8941C05E12F4}"
EndProject
Project("{2150E333-8FDC-42A3-9474-1A3956D46DE8}") = "Finansy.Core", "Finansy.Core", "{EBD37B12-D851-428E-870C-BEC2FD82BF42}"
EndProject
Project("{2150E333-8FDC-42A3-9474-1A3956D46DE8}") = "Finansy.Application", "Finansy.Application", "{DA215FE4-3E75-4ADE-ACB0-99FFB3229B3E}"
EndProject
Project("{2150E333-8FDC-42A3-9474-1A3956D46DE8}") = "Finansy.Api", "Finansy.Api", "{083FF43E-E191-4CAC-A2B6-B88401630121}"
EndProject
Project("{FAE04EC0-301F-11D3-BF4B-00C04F79EFBC}") = "Finansy.Api", "Finansy.Api\Finansy.Api.csproj", "{BEF2832B-B4B3-4615-A1F6-D4408B25DE7B}"
EndProject
Project("{FAE04EC0-301F-11D3-BF4B-00C04F79EFBC}") = "Finansy.Application", "Finansy.Application\Finansy.Application.csproj", "{5E0D6925-98F0-416A-9F9A-FE713280FEF8}"
EndProject
Project("{FAE04EC0-301F-11D3-BF4B-00C04F79EFBC}") = "Finansy.Core", "Finansy.Core\Finansy.Core.csproj", "{8F067FD2-C2D2-40F5-AA66-B435FD4FAF19}"
EndProject
Project("{FAE04EC0-301F-11D3-BF4B-00C04F79EFBC}") = "Finansy.Domain", "Finansy.Domain\Finansy.Domain.csproj", "{5ED6734B-F394-4773-8879-28F0A586D3E3}"
EndProject
Project("{FAE04EC0-301F-11D3-BF4B-00C04F79EFBC}") = "Finansy.Infra", "Finansy.Infra\Finansy.Infra.csproj", "{11DB90B2-98F1-4D08-9ADF-36BE0AEFF3CB}"
EndProject
Global
	GlobalSection(SolutionConfigurationPlatforms) = preSolution
		Debug|Any CPU = Debug|Any CPU
		Release|Any CPU = Release|Any CPU
	EndGlobalSection
	GlobalSection(NestedProjects) = preSolution
		{AF2C1B96-CAC7-42AF-AE38-EF51D0D4DA7F} = {A6198422-C7AD-4CE5-8367-CBC823981AB2}
		{19A6C4B2-D0BD-41B9-9EBD-8941C05E12F4} = {A6198422-C7AD-4CE5-8367-CBC823981AB2}
		{EBD37B12-D851-428E-870C-BEC2FD82BF42} = {A6198422-C7AD-4CE5-8367-CBC823981AB2}
		{DA215FE4-3E75-4ADE-ACB0-99FFB3229B3E} = {A6198422-C7AD-4CE5-8367-CBC823981AB2}
		{083FF43E-E191-4CAC-A2B6-B88401630121} = {A6198422-C7AD-4CE5-8367-CBC823981AB2}
		{BEF2832B-B4B3-4615-A1F6-D4408B25DE7B} = {083FF43E-E191-4CAC-A2B6-B88401630121}
		{5E0D6925-98F0-416A-9F9A-FE713280FEF8} = {DA215FE4-3E75-4ADE-ACB0-99FFB3229B3E}
		{8F067FD2-C2D2-40F5-AA66-B435FD4FAF19} = {EBD37B12-D851-428E-870C-BEC2FD82BF42}
		{5ED6734B-F394-4773-8879-28F0A586D3E3} = {AF2C1B96-CAC7-42AF-AE38-EF51D0D4DA7F}
		{11DB90B2-98F1-4D08-9ADF-36BE0AEFF3CB} = {19A6C4B2-D0BD-41B9-9EBD-8941C05E12F4}
	EndGlobalSection
	GlobalSection(ProjectConfigurationPlatforms) = postSolution
		{BEF2832B-B4B3-4615-A1F6-D4408B25DE7B}.Debug|Any CPU.ActiveCfg = Debug|Any CPU
		{BEF2832B-B4B3-4615-A1F6-D4408B25DE7B}.Debug|Any CPU.Build.0 = Debug|Any CPU
		{BEF2832B-B4B3-4615-A1F6-D4408B25DE7B}.Release|Any CPU.ActiveCfg = Release|Any CPU
		{BEF2832B-B4B3-4615-A1F6-D4408B25DE7B}.Release|Any CPU.Build.0 = Release|Any CPU
		{5E0D6925-98F0-416A-9F9A-FE713280FEF8}.Debug|Any CPU.ActiveCfg = Debug|Any CPU
		{5E0D6925-98F0-416A-9F9A-FE713280FEF8}.Debug|Any CPU.Build.0 = Debug|Any CPU
		{5E0D6925-98F0-416A-9F9A-FE713280FEF8}.Release|Any CPU.ActiveCfg = Release|Any CPU
		{5E0D6925-98F0-416A-9F9A-FE713280FEF8}.Release|Any CPU.Build.0 = Release|Any CPU
		{8F067FD2-C2D2-40F5-AA66-B435FD4FAF19}.Debug|Any CPU.ActiveCfg = Debug|Any CPU
		{8F067FD2-C2D2-40F5-AA66-B435FD4FAF19}.Debug|Any CPU.Build.0 = Debug|Any CPU
		{8F067FD2-C2D2-40F5-AA66-B435FD4FAF19}.Release|Any CPU.ActiveCfg = Release|Any CPU
		{8F067FD2-C2D2-40F5-AA66-B435FD4FAF19}.Release|Any CPU.Build.0 = Release|Any CPU
		{5ED6734B-F394-4773-8879-28F0A586D3E3}.Debug|Any CPU.ActiveCfg = Debug|Any CPU
		{5ED6734B-F394-4773-8879-28F0A586D3E3}.Debug|Any CPU.Build.0 = Debug|Any CPU
		{5ED6734B-F394-4773-8879-28F0A586D3E3}.Release|Any CPU.ActiveCfg = Release|Any CPU
		{5ED6734B-F394-4773-8879-28F0A586D3E3}.Release|Any CPU.Build.0 = Release|Any CPU
		{11DB90B2-98F1-4D08-9ADF-36BE0AEFF3CB}.Debug|Any CPU.ActiveCfg = Debug|Any CPU
		{11DB90B2-98F1-4D08-9ADF-36BE0AEFF3CB}.Debug|Any CPU.Build.0 = Debug|Any CPU
		{11DB90B2-98F1-4D08-9ADF-36BE0AEFF3CB}.Release|Any CPU.ActiveCfg = Release|Any CPU
		{11DB90B2-98F1-4D08-9ADF-36BE0AEFF3CB}.Release|Any CPU.Build.0 = Release|Any CPU
	EndGlobalSection
EndGlobal
